
Microsoft Visual Studio Solution File, Format Version 12.00
# Visual Studio Version 17
VisualStudioVersion = 17.1.31911.260
MinimumVisualStudioVersion = 10.0.40219.1
Project("{FAE04EC0-301F-11D3-BF4B-00C04F79EFBC}") = "TradeConsole", "TradeConsole\TradeConsole.csproj", "{F85144D5-69CD-4D41-9F7D-92CE9E9ECB65}"
EndProject
Project("{2150E333-8FDC-42A3-9474-1A3956D46DE8}") = "Solution Items", "Solution Items", "{A3808001-E602-4D62-8365-22C6C62AE496}"
	ProjectSection(SolutionItems) = preProject
		.editorconfig = .editorconfig
	EndProjectSection
EndProject
Global
	GlobalSection(SolutionConfigurationPlatforms) = preSolution
		Debug|Any CPU = Debug|Any CPU
		Release|Any CPU = Release|Any CPU
	EndGlobalSection
	GlobalSection(ProjectConfigurationPlatforms) = postSolution
		{F85144D5-69CD-4D41-9F7D-92CE9E9ECB65}.Debug|Any CPU.ActiveCfg = Debug|Any CPU
		{F85144D5-69CD-4D41-9F7D-92CE9E9ECB65}.Debug|Any CPU.Build.0 = Debug|Any CPU
		{F85144D5-69CD-4D41-9F7D-92CE9E9ECB65}.Release|Any CPU.ActiveCfg = Release|Any CPU
		{F85144D5-69CD-4D41-9F7D-92CE9E9ECB65}.Release|Any CPU.Build.0 = Release|Any CPU
	EndGlobalSection
	GlobalSection(SolutionProperties) = preSolution
		HideSolutionNode = FALSE
	EndGlobalSection
	GlobalSection(ExtensibilityGlobals) = postSolution
		SolutionGuid = {D4DD0BD3-501E-403B-8598-A931C6F02215}
	EndGlobalSection
EndGlobal
